
Microsoft Visual Studio Solution File, Format Version 12.00
# Visual Studio Version 16
VisualStudioVersion = 16.0.31229.75
MinimumVisualStudioVersion = 10.0.40219.1
Project("{FAE04EC0-301F-11D3-BF4B-00C04F79EFBC}") = "FA.JustBlog.Core", "FA.JustBlog.Core\FA.JustBlog.Core.csproj", "{CFDCA451-653B-4B07-900B-C72969994C8A}"
EndProject
Project("{FAE04EC0-301F-11D3-BF4B-00C04F79EFBC}") = "FA.JustBlog.WebCRUD", "FA.JustBlog.WebCRUD\FA.JustBlog.WebCRUD.csproj", "{EB5CA49F-509A-4E2D-ACA7-0DCB3E4F128B}"
EndProject
Project("{FAE04EC0-301F-11D3-BF4B-00C04F79EFBC}") = "FA.JustBlog.ViewModels", "FA.JustBlog.ViewModels\FA.JustBlog.ViewModels.csproj", "{062F220D-15C5-4B43-A42A-7ADD24252672}"
EndProject
Project("{FAE04EC0-301F-11D3-BF4B-00C04F79EFBC}") = "FA.JustBlog.Services", "FA.JustBlog.Services\FA.JustBlog.Services.csproj", "{EE6F5E81-1EB3-4CCF-A67C-1180FE7A12F9}"
EndProject
Project("{FAE04EC0-301F-11D3-BF4B-00C04F79EFBC}") = "FA.JustBlog.Common", "FA.JustBlog.Common\FA.JustBlog.Common.csproj", "{D7648F26-237B-40CA-BED3-99D3BC54079E}"
EndProject
Global
	GlobalSection(SolutionConfigurationPlatforms) = preSolution
		Debug|Any CPU = Debug|Any CPU
		Release|Any CPU = Release|Any CPU
	EndGlobalSection
	GlobalSection(ProjectConfigurationPlatforms) = postSolution
		{CFDCA451-653B-4B07-900B-C72969994C8A}.Debug|Any CPU.ActiveCfg = Debug|Any CPU
		{CFDCA451-653B-4B07-900B-C72969994C8A}.Debug|Any CPU.Build.0 = Debug|Any CPU
		{CFDCA451-653B-4B07-900B-C72969994C8A}.Release|Any CPU.ActiveCfg = Release|Any CPU
		{CFDCA451-653B-4B07-900B-C72969994C8A}.Release|Any CPU.Build.0 = Release|Any CPU
		{EB5CA49F-509A-4E2D-ACA7-0DCB3E4F128B}.Debug|Any CPU.ActiveCfg = Debug|Any CPU
		{EB5CA49F-509A-4E2D-ACA7-0DCB3E4F128B}.Debug|Any CPU.Build.0 = Debug|Any CPU
		{EB5CA49F-509A-4E2D-ACA7-0DCB3E4F128B}.Release|Any CPU.ActiveCfg = Release|Any CPU
		{EB5CA49F-509A-4E2D-ACA7-0DCB3E4F128B}.Release|Any CPU.Build.0 = Release|Any CPU
		{062F220D-15C5-4B43-A42A-7ADD24252672}.Debug|Any CPU.ActiveCfg = Debug|Any CPU
		{062F220D-15C5-4B43-A42A-7ADD24252672}.Debug|Any CPU.Build.0 = Debug|Any CPU
		{062F220D-15C5-4B43-A42A-7ADD24252672}.Release|Any CPU.ActiveCfg = Release|Any CPU
		{062F220D-15C5-4B43-A42A-7ADD24252672}.Release|Any CPU.Build.0 = Release|Any CPU
		{EE6F5E81-1EB3-4CCF-A67C-1180FE7A12F9}.Debug|Any CPU.ActiveCfg = Debug|Any CPU
		{EE6F5E81-1EB3-4CCF-A67C-1180FE7A12F9}.Debug|Any CPU.Build.0 = Debug|Any CPU
		{EE6F5E81-1EB3-4CCF-A67C-1180FE7A12F9}.Release|Any CPU.ActiveCfg = Release|Any CPU
		{EE6F5E81-1EB3-4CCF-A67C-1180FE7A12F9}.Release|Any CPU.Build.0 = Release|Any CPU
		{D7648F26-237B-40CA-BED3-99D3BC54079E}.Debug|Any CPU.ActiveCfg = Debug|Any CPU
		{D7648F26-237B-40CA-BED3-99D3BC54079E}.Debug|Any CPU.Build.0 = Debug|Any CPU
		{D7648F26-237B-40CA-BED3-99D3BC54079E}.Release|Any CPU.ActiveCfg = Release|Any CPU
		{D7648F26-237B-40CA-BED3-99D3BC54079E}.Release|Any CPU.Build.0 = Release|Any CPU
	EndGlobalSection
	GlobalSection(SolutionProperties) = preSolution
		HideSolutionNode = FALSE
	EndGlobalSection
	GlobalSection(ExtensibilityGlobals) = postSolution
		SolutionGuid = {96CB7817-CD41-45DF-82D8-A2464661AD98}
	EndGlobalSection
EndGlobal
